
Microsoft Visual Studio Solution File, Format Version 12.00
# Visual Studio 15
VisualStudioVersion = 15.0.28010.2046
MinimumVisualStudioVersion = 10.0.40219.1
Project("{FAE04EC0-301F-11D3-BF4B-00C04F79EFBC}") = "LAFI.DMS", "LAFI.DMS\LAFI.DMS.csproj", "{BF745430-979F-4C67-98E8-6F2276DCFA12}"
EndProject
Global
	GlobalSection(SolutionConfigurationPlatforms) = preSolution
		Debug|Any CPU = Debug|Any CPU
		Release|Any CPU = Release|Any CPU
	EndGlobalSection
	GlobalSection(ProjectConfigurationPlatforms) = postSolution
		{BF745430-979F-4C67-98E8-6F2276DCFA12}.Debug|Any CPU.ActiveCfg = Debug|Any CPU
		{BF745430-979F-4C67-98E8-6F2276DCFA12}.Debug|Any CPU.Build.0 = Debug|Any CPU
		{BF745430-979F-4C67-98E8-6F2276DCFA12}.Release|Any CPU.ActiveCfg = Release|Any CPU
		{BF745430-979F-4C67-98E8-6F2276DCFA12}.Release|Any CPU.Build.0 = Release|Any CPU
	EndGlobalSection
	GlobalSection(SolutionProperties) = preSolution
		HideSolutionNode = FALSE
	EndGlobalSection
	GlobalSection(ExtensibilityGlobals) = postSolution
		SolutionGuid = {195F1F53-721C-4B10-8704-D13FA03BF4AD}
	EndGlobalSection
EndGlobal
